Microsoft Visual Studio Solution File, Format Version 12.00
# Visual Studio Version 17
VisualStudioVersion = 17.0.31903.59
MinimumVisualStudioVersion = 10.0.40219.1
Project("{2150E333-8FDC-42A3-9474-1A3956D46DE8}") = "src", "src", "{827E0CD3-B72D-47B6-A68D-7590B98EB39B}"
EndProject
Project("{FAE04EC0-301F-11D3-BF4B-00C04F79EFBC}") = "Translator.Api", "src\Translator.Api\Translator.Api.csproj", "{60671C03-C7DE-4AB5-9D9C-BA0EFB4E12ED}"
EndProject
Project("{FAE04EC0-301F-11D3-BF4B-00C04F79EFBC}") = "Translator.Core", "src\Translator.Core\Translator.Core.csproj", "{B6F20A62-3A8D-4509-8AD3-FAB13DC40BC2}"
EndProject
Project("{FAE04EC0-301F-11D3-BF4B-00C04F79EFBC}") = "Translator.Infrastructure", "src\Translator.Infrastructure\Translator.Infrastructure.csproj", "{782457B9-47B7-4996-BDC0-0CF5708B8F05}"
EndProject
Project("{FAE04EC0-301F-11D3-BF4B-00C04F79EFBC}") = "Translator.Application", "src\Translator.Application\Translator.Application.csproj", "{E8A8F183-D1DE-43F3-979C-1FCEF0C4832E}"
EndProject
Project("{FAE04EC0-301F-11D3-BF4B-00C04F79EFBC}") = "Translator.Api.Tests", "tests\Translator.Api.Tests\Translator.Api.Tests.csproj", "{7A83D4BF-DCFB-41D1-AFD3-81EA92504FED}"
EndProject
Project("{FAE04EC0-301F-11D3-BF4B-00C04F79EFBC}") = "Translator.Core.Tests", "tests\Translator.Core.Tests\Translator.Core.Tests.csproj", "{FAE0054D-6552-41DE-A5E6-7CF7C416D6BC}"
EndProject
Project("{FAE04EC0-301F-11D3-BF4B-00C04F79EFBC}") = "Translator.Application.Tests", "tests\Translator.Application.Tests\Translator.Application.Tests.csproj", "{971B40E1-01A8-4493-8EC6-A4AC32DBEA66}"
EndProject
Project("{FAE04EC0-301F-11D3-BF4B-00C04F79EFBC}") = "Translator.Infrastructure.Tests", "tests\Translator.Infrastructure.Tests\Translator.Infrastructure.Tests.csproj", "{A1B2C3D4-E5F6-7890-ABCD-EF1234567890}"
EndProject
Global
	GlobalSection(SolutionConfigurationPlatforms) = preSolution
		Debug|Any CPU = Debug|Any CPU
		Debug|x64 = Debug|x64
		Debug|x86 = Debug|x86
		Release|Any CPU = Release|Any CPU
		Release|x64 = Release|x64
		Release|x86 = Release|x86
	EndGlobalSection
	GlobalSection(ProjectConfigurationPlatforms) = postSolution
		{60671C03-C7DE-4AB5-9D9C-BA0EFB4E12ED}.Debug|Any CPU.ActiveCfg = Debug|Any CPU
		{60671C03-C7DE-4AB5-9D9C-BA0EFB4E12ED}.Debug|Any CPU.Build.0 = Debug|Any CPU
		{60671C03-C7DE-4AB5-9D9C-BA0EFB4E12ED}.Debug|x64.ActiveCfg = Debug|Any CPU
		{60671C03-C7DE-4AB5-9D9C-BA0EFB4E12ED}.Debug|x64.Build.0 = Debug|Any CPU
		{60671C03-C7DE-4AB5-9D9C-BA0EFB4E12ED}.Debug|x86.ActiveCfg = Debug|Any CPU
		{60671C03-C7DE-4AB5-9D9C-BA0EFB4E12ED}.Debug|x86.Build.0 = Debug|Any CPU
		{60671C03-C7DE-4AB5-9D9C-BA0EFB4E12ED}.Release|Any CPU.ActiveCfg = Release|Any CPU
		{60671C03-C7DE-4AB5-9D9C-BA0EFB4E12ED}.Release|Any CPU.Build.0 = Release|Any CPU
		{60671C03-C7DE-4AB5-9D9C-BA0EFB4E12ED}.Release|x64.ActiveCfg = Debug|Any CPU
		{60671C03-C7DE-4AB5-9D9C-BA0EFB4E12ED}.Release|x64.Build.0 = Debug|Any CPU
		{60671C03-C7DE-4AB5-9D9C-BA0EFB4E12ED}.Release|x86.ActiveCfg = Debug|Any CPU
		{60671C03-C7DE-4AB5-9D9C-BA0EFB4E12ED}.Release|x86.Build.0 = Debug|Any CPU
		{B6F20A62-3A8D-4509-8AD3-FAB13DC40BC2}.Debug|Any CPU.ActiveCfg = Debug|Any CPU
		{B6F20A62-3A8D-4509-8AD3-FAB13DC40BC2}.Debug|Any CPU.Build.0 = Debug|Any CPU
		{B6F20A62-3A8D-4509-8AD3-FAB13DC40BC2}.Debug|x64.ActiveCfg = Debug|Any CPU
		{B6F20A62-3A8D-4509-8AD3-FAB13DC40BC2}.Debug|x64.Build.0 = Debug|Any CPU
		{B6F20A62-3A8D-4509-8AD3-FAB13DC40BC2}.Debug|x86.ActiveCfg = Debug|Any CPU
		{B6F20A62-3A8D-4509-8AD3-FAB13DC40BC2}.Debug|x86.Build.0 = Debug|Any CPU
		{B6F20A62-3A8D-4509-8AD3-FAB13DC40BC2}.Release|Any CPU.ActiveCfg = Release|Any CPU
		{B6F20A62-3A8D-4509-8AD3-FAB13DC40BC2}.Release|Any CPU.Build.0 = Release|Any CPU
		{B6F20A62-3A8D-4509-8AD3-FAB13DC40BC2}.Release|x64.ActiveCfg = Release|Any CPU
		{B6F20A62-3A8D-4509-8AD3-FAB13DC40BC2}.Release|x64.Build.0 = Release|Any CPU
		{B6F20A62-3A8D-4509-8AD3-FAB13DC40BC2}.Release|x86.ActiveCfg = Release|Any CPU
		{B6F20A62-3A8D-4509-8AD3-FAB13DC40BC2}.Release|x86.Build.0 = Release|Any CPU
		{782457B9-47B7-4996-BDC0-0CF5708B8F05}.Debug|Any CPU.ActiveCfg = Debug|Any CPU
		{782457B9-47B7-4996-BDC0-0CF5708B8F05}.Debug|Any CPU.Build.0 = Debug|Any CPU
		{782457B9-47B7-4996-BDC0-0CF5708B8F05}.Debug|x64.ActiveCfg = Debug|Any CPU
		{782457B9-47B7-4996-BDC0-0CF5708B8F05}.Debug|x64.Build.0 = Debug|Any CPU
		{782457B9-47B7-4996-BDC0-0CF5708B8F05}.Debug|x86.ActiveCfg = Debug|Any CPU
		{782457B9-47B7-4996-BDC0-0CF5708B8F05}.Debug|x86.Build.0 = Debug|Any CPU
		{782457B9-47B7-4996-BDC0-0CF5708B8F05}.Release|Any CPU.ActiveCfg = Release|Any CPU
		{782457B9-47B7-4996-BDC0-0CF5708B8F05}.Release|Any CPU.Build.0 = Release|Any CPU
		{782457B9-47B7-4996-BDC0-0CF5708B8F05}.Release|x64.ActiveCfg = Release|Any CPU
		{782457B9-47B7-4996-BDC0-0CF5708B8F05}.Release|x64.Build.0 = Release|Any CPU
		{782457B9-47B7-4996-BDC0-0CF5708B8F05}.Release|x86.ActiveCfg = Release|Any CPU
		{782457B9-47B7-4996-BDC0-0CF5708B8F05}.Release|x86.Build.0 = Release|Any CPU
		{E8A8F183-D1DE-43F3-979C-1FCEF0C4832E}.Debug|Any CPU.ActiveCfg = Debug|Any CPU
		{E8A8F183-D1DE-43F3-979C-1FCEF0C4832E}.Debug|Any CPU.Build.0 = Debug|Any CPU
		{E8A8F183-D1DE-43F3-979C-1FCEF0C4832E}.Debug|x64.ActiveCfg = Debug|Any CPU
		{E8A8F183-D1DE-43F3-979C-1FCEF0C4832E}.Debug|x64.Build.0 = Debug|Any CPU
		{E8A8F183-D1DE-43F3-979C-1FCEF0C4832E}.Debug|x86.ActiveCfg = Debug|Any CPU
		{E8A8F183-D1DE-43F3-979C-1FCEF0C4832E}.Debug|x86.Build.0 = Debug|Any CPU
		{E8A8F183-D1DE-43F3-979C-1FCEF0C4832E}.Release|Any CPU.ActiveCfg = Release|Any CPU
		{E8A8F183-D1DE-43F3-979C-1FCEF0C4832E}.Release|Any CPU.Build.0 = Release|Any CPU
		{E8A8F183-D1DE-43F3-979C-1FCEF0C4832E}.Release|x64.ActiveCfg = Release|Any CPU
		{E8A8F183-D1DE-43F3-979C-1FCEF0C4832E}.Release|x64.Build.0 = Release|Any CPU
		{E8A8F183-D1DE-43F3-979C-1FCEF0C4832E}.Release|x86.ActiveCfg = Release|Any CPU
		{E8A8F183-D1DE-43F3-979C-1FCEF0C4832E}.Release|x86.Build.0 = Release|Any CPU
		{7A83D4BF-DCFB-41D1-AFD3-81EA92504FED}.Debug|Any CPU.ActiveCfg = Debug|Any CPU
		{7A83D4BF-DCFB-41D1-AFD3-81EA92504FED}.Debug|Any CPU.Build.0 = Debug|Any CPU
		{7A83D4BF-DCFB-41D1-AFD3-81EA92504FED}.Debug|x64.ActiveCfg = Debug|Any CPU
		{7A83D4BF-DCFB-41D1-AFD3-81EA92504FED}.Debug|x64.Build.0 = Debug|Any CPU
		{7A83D4BF-DCFB-41D1-AFD3-81EA92504FED}.Debug|x86.ActiveCfg = Debug|Any CPU
		{7A83D4BF-DCFB-41D1-AFD3-81EA92504FED}.Debug|x86.Build.0 = Debug|Any CPU
		{7A83D4BF-DCFB-41D1-AFD3-81EA92504FED}.Release|Any CPU.ActiveCfg = Release|Any CPU
		{7A83D4BF-DCFB-41D1-AFD3-81EA92504FED}.Release|Any CPU.Build.0 = Release|Any CPU
		{7A83D4BF-DCFB-41D1-AFD3-81EA92504FED}.Release|x64.ActiveCfg = Release|Any CPU
		{7A83D4BF-DCFB-41D1-AFD3-81EA92504FED}.Release|x64.Build.0 = Release|Any CPU
		{7A83D4BF-DCFB-41D1-AFD3-81EA92504FED}.Release|x86.ActiveCfg = Release|Any CPU
		{7A83D4BF-DCFB-41D1-AFD3-81EA92504FED}.Release|x86.Build.0 = Release|Any CPU
		{FAE0054D-6552-41DE-A5E6-7CF7C416D6BC}.Debug|Any CPU.ActiveCfg = Debug|Any CPU
		{FAE0054D-6552-41DE-A5E6-7CF7C416D6BC}.Debug|Any CPU.Build.0 = Debug|Any CPU
		{FAE0054D-6552-41DE-A5E6-7CF7C416D6BC}.Debug|x64.ActiveCfg = Debug|Any CPU
		{FAE0054D-6552-41DE-A5E6-7CF7C416D6BC}.Debug|x64.Build.0 = Debug|Any CPU
		{FAE0054D-6552-41DE-A5E6-7CF7C416D6BC}.Debug|x86.ActiveCfg = Debug|Any CPU
		{FAE0054D-6552-41DE-A5E6-7CF7C416D6BC}.Debug|x86.Build.0 = Debug|Any CPU
		{FAE0054D-6552-41DE-A5E6-7CF7C416D6BC}.Release|Any CPU.ActiveCfg = Release|Any CPU
		{FAE0054D-6552-41DE-A5E6-7CF7C416D6BC}.Release|Any CPU.Build.0 = Release|Any CPU
		{FAE0054D-6552-41DE-A5E6-7CF7C416D6BC}.Release|x64.ActiveCfg = Release|Any CPU
		{FAE0054D-6552-41DE-A5E6-7CF7C416D6BC}.Release|x64.Build.0 = Release|Any CPU
		{FAE0054D-6552-41DE-A5E6-7CF7C416D6BC}.Release|x86.ActiveCfg = Release|Any CPU
		{FAE0054D-6552-41DE-A5E6-7CF7C416D6BC}.Release|x86.Build.0 = Release|Any CPU
		{971B40E1-01A8-4493-8EC6-A4AC32DBEA66}.Debug|Any CPU.ActiveCfg = Debug|Any CPU
		{971B40E1-01A8-4493-8EC6-A4AC32DBEA66}.Debug|Any CPU.Build.0 = Debug|Any CPU
		{971B40E1-01A8-4493-8EC6-A4AC32DBEA66}.Debug|x64.ActiveCfg = Debug|Any CPU
		{971B40E1-01A8-4493-8EC6-A4AC32DBEA66}.Debug|x64.Build.0 = Debug|Any CPU
		{971B40E1-01A8-4493-8EC6-A4AC32DBEA66}.Debug|x86.ActiveCfg = Debug|Any CPU
		{971B40E1-01A8-4493-8EC6-A4AC32DBEA66}.Debug|x86.Build.0 = Debug|Any CPU
		{971B40E1-01A8-4493-8EC6-A4AC32DBEA66}.Release|Any CPU.ActiveCfg = Release|Any CPU
		{971B40E1-01A8-4493-8EC6-A4AC32DBEA66}.Release|Any CPU.Build.0 = Release|Any CPU
		{971B40E1-01A8-4493-8EC6-A4AC32DBEA66}.Release|x64.ActiveCfg = Release|Any CPU
		{971B40E1-01A8-4493-8EC6-A4AC32DBEA66}.Release|x64.Build.0 = Release|Any CPU
		{971B40E1-01A8-4493-8EC6-A4AC32DBEA66}.Release|x86.ActiveCfg = Release|Any CPU
		{971B40E1-01A8-4493-8EC6-A4AC32DBEA66}.Release|x86.Build.0 = Release|Any CPU
		{A1B2C3D4-E5F6-7890-ABCD-EF1234567890}.Debug|Any CPU.ActiveCfg = Debug|Any CPU
		{A1B2C3D4-E5F6-7890-ABCD-EF1234567890}.Debug|Any CPU.Build.0 = Debug|Any CPU
		{A1B2C3D4-E5F6-7890-ABCD-EF1234567890}.Debug|x64.ActiveCfg = Debug|Any CPU
		{A1B2C3D4-E5F6-7890-ABCD-EF1234567890}.Debug|x64.Build.0 = Debug|Any CPU
		{A1B2C3D4-E5F6-7890-ABCD-EF1234567890}.Debug|x86.ActiveCfg = Debug|Any CPU
		{A1B2C3D4-E5F6-7890-ABCD-EF1234567890}.Debug|x86.Build.0 = Debug|Any CPU
		{A1B2C3D4-E5F6-7890-ABCD-EF1234567890}.Release|Any CPU.ActiveCfg = Release|Any CPU
		{A1B2C3D4-E5F6-7890-ABCD-EF1234567890}.Release|Any CPU.Build.0 = Release|Any CPU
		{A1B2C3D4-E5F6-7890-ABCD-EF1234567890}.Release|x64.ActiveCfg = Release|Any CPU
		{A1B2C3D4-E5F6-7890-ABCD-EF1234567890}.Release|x64.Build.0 = Release|Any CPU
		{A1B2C3D4-E5F6-7890-ABCD-EF1234567890}.Release|x86.ActiveCfg = Release|Any CPU
		{A1B2C3D4-E5F6-7890-ABCD-EF1234567890}.Release|x86.Build.0 = Release|Any CPU
	EndGlobalSection
	GlobalSection(SolutionProperties) = preSolution
		HideSolutionNode = FALSE
	EndGlobalSection
	GlobalSection(NestedProjects) = preSolution
		{60671C03-C7DE-4AB5-9D9C-BA0EFB4E12ED} = {827E0CD3-B72D-47B6-A68D-7590B98EB39B}
		{B6F20A62-3A8D-4509-8AD3-FAB13DC40BC2} = {827E0CD3-B72D-47B6-A68D-7590B98EB39B}
		{782457B9-47B7-4996-BDC0-0CF5708B8F05} = {827E0CD3-B72D-47B6-A68D-7590B98EB39B}
		{E8A8F183-D1DE-43F3-979C-1FCEF0C4832E} = {827E0CD3-B72D-47B6-A68D-7590B98EB39B}
		{7A83D4BF-DCFB-41D1-AFD3-81EA92504FED} = {827E0CD3-B72D-47B6-A68D-7590B98EB39B}
		{FAE0054D-6552-41DE-A5E6-7CF7C416D6BC} = {827E0CD3-B72D-47B6-A68D-7590B98EB39B}
		{971B40E1-01A8-4493-8EC6-A4AC32DBEA66} = {827E0CD3-B72D-47B6-A68D-7590B98EB39B}
		{A1B2C3D4-E5F6-7890-ABCD-EF1234567890} = {827E0CD3-B72D-47B6-A68D-7590B98EB39B}
	EndGlobalSection
EndGlobal
